
Microsoft Visual Studio Solution File, Format Version 12.00
# Visual Studio Version 16
VisualStudioVersion = 16.0.31205.134
MinimumVisualStudioVersion = 10.0.40219.1
Project("{FAE04EC0-301F-11D3-BF4B-00C04F79EFBC}") = "Jobify", "Jobify.csproj", "{DA77D6DC-6C7F-4F5F-85B3-5037C282A24D}"
EndProject
Global
	GlobalSection(SolutionConfigurationPlatforms) = preSolution
		Debug|Any CPU = Debug|Any CPU
		Release|Any CPU = Release|Any CPU
	EndGlobalSection
	GlobalSection(ProjectConfigurationPlatforms) = postSolution
		{DA77D6DC-6C7F-4F5F-85B3-5037C282A24D}.Debug|Any CPU.ActiveCfg = Debug|Any CPU
		{DA77D6DC-6C7F-4F5F-85B3-5037C282A24D}.Debug|Any CPU.Build.0 = Debug|Any CPU
		{DA77D6DC-6C7F-4F5F-85B3-5037C282A24D}.Release|Any CPU.ActiveCfg = Release|Any CPU
		{DA77D6DC-6C7F-4F5F-85B3-5037C282A24D}.Release|Any CPU.Build.0 = Release|Any CPU
	EndGlobalSection
	GlobalSection(SolutionProperties) = preSolution
		HideSolutionNode = FALSE
	EndGlobalSection
	GlobalSection(ExtensibilityGlobals) = postSolution
		SolutionGuid = {6F52EC3C-37A4-4A82-B559-D84BFCF9D29C}
	EndGlobalSection
EndGlobal
